
Microsoft Visual Studio Solution File, Format Version 12.00
# Visual Studio Version 17
VisualStudioVersion = 17.14.37614.0 d17.14
MinimumVisualStudioVersion = 10.0.40219.1
Project("{8BC9CEB8-8B4A-11D0-8D11-00A0C91BC942}") = "ElectroGuiCalc", "ElectroGuiCalc.vcxproj", "{8C6B1545-8BF4-4FE8-9EF5-5789D10FF5D8}"
EndProject
Project("{8BC9CEB8-8B4A-11D0-8D11-00A0C91BC942}") = "ElectroGuiCalcLite", "lite\ElectroGuiCalcLite.vcxproj", "{5D2F7A31-9C44-4E0B-B6A8-3F1E7C2D9A10}"
EndProject
Global
	GlobalSection(SolutionConfigurationPlatforms) = preSolution
		Debug|x64 = Debug|x64
		Debug|x86 = Debug|x86
		Release|x64 = Release|x64
		Release|x86 = Release|x86
	EndGlobalSection
	GlobalSection(ProjectConfigurationPlatforms) = postSolution
		{8C6B1545-8BF4-4FE8-9EF5-5789D10FF5D8}.Debug|x64.ActiveCfg = Debug|x64
		{8C6B1545-8BF4-4FE8-9EF5-5789D10FF5D8}.Debug|x64.Build.0 = Debug|x64
		{8C6B1545-8BF4-4FE8-9EF5-5789D10FF5D8}.Debug|x86.ActiveCfg = Debug|Win32
		{8C6B1545-8BF4-4FE8-9EF5-5789D10FF5D8}.Debug|x86.Build.0 = Debug|Win32
		{8C6B1545-8BF4-4FE8-9EF5-5789D10FF5D8}.Release|x64.ActiveCfg = Release|x64
		{8C6B1545-8BF4-4FE8-9EF5-5789D10FF5D8}.Release|x64.Build.0 = Release|x64
		{8C6B1545-8BF4-4FE8-9EF5-5789D10FF5D8}.Release|x86.ActiveCfg = Release|Win32
		{8C6B1545-8BF4-4FE8-9EF5-5789D10FF5D8}.Release|x86.Build.0 = Release|Win32
		{5D2F7A31-9C44-4E0B-B6A8-3F1E7C2D9A10}.Debug|x64.ActiveCfg = Debug|x64
		{5D2F7A31-9C44-4E0B-B6A8-3F1E7C2D9A10}.Debug|x64.Build.0 = Debug|x64
		{5D2F7A31-9C44-4E0B-B6A8-3F1E7C2D9A10}.Debug|x86.ActiveCfg = Debug|x64
		{5D2F7A31-9C44-4E0B-B6A8-3F1E7C2D9A10}.Release|x64.ActiveCfg = Release|x64
		{5D2F7A31-9C44-4E0B-B6A8-3F1E7C2D9A10}.Release|x64.Build.0 = Release|x64
		{5D2F7A31-9C44-4E0B-B6A8-3F1E7C2D9A10}.Release|x86.ActiveCfg = Release|x64
	EndGlobalSection
	GlobalSection(SolutionProperties) = preSolution
		HideSolutionNode = FALSE
	EndGlobalSection
	GlobalSection(ExtensibilityGlobals) = postSolution
		SolutionGuid = {78B84434-50D3-486F-96AE-8D7512019799}
	EndGlobalSection
EndGlobal
